
Microsoft Visual Studio Solution File, Format Version 12.00
# Visual Studio 15
VisualStudioVersion = 15.0.27428.2002
MinimumVisualStudioVersion = 10.0.40219.1
Project("{FAE04EC0-301F-11D3-BF4B-00C04F79EFBC}") = "WeatherAPI", "WeatherAPI\WeatherAPI.csproj", "{A831BF08-50D5-4EB2-9AA9-DCED51FCC7C7}"
EndProject
Project("{FAE04EC0-301F-11D3-BF4B-00C04F79EFBC}") = "WeatherAPI.Test", "WeatherAPI.Test\WeatherAPI.Test.csproj", "{627715F9-00AB-4633-9071-0373C99A6DFD}"
EndProject
Global
	GlobalSection(SolutionConfigurationPlatforms) = preSolution
		Debug|Any CPU = Debug|Any CPU
		Release|Any CPU = Release|Any CPU
	EndGlobalSection
	GlobalSection(ProjectConfigurationPlatforms) = postSolution
		{A831BF08-50D5-4EB2-9AA9-DCED51FCC7C7}.Debug|Any CPU.ActiveCfg = Debug|Any CPU
		{A831BF08-50D5-4EB2-9AA9-DCED51FCC7C7}.Debug|Any CPU.Build.0 = Debug|Any CPU
		{A831BF08-50D5-4EB2-9AA9-DCED51FCC7C7}.Release|Any CPU.ActiveCfg = Release|Any CPU
		{A831BF08-50D5-4EB2-9AA9-DCED51FCC7C7}.Release|Any CPU.Build.0 = Release|Any CPU
		{627715F9-00AB-4633-9071-0373C99A6DFD}.Debug|Any CPU.ActiveCfg = Debug|Any CPU
		{627715F9-00AB-4633-9071-0373C99A6DFD}.Debug|Any CPU.Build.0 = Debug|Any CPU
		{627715F9-00AB-4633-9071-0373C99A6DFD}.Release|Any CPU.ActiveCfg = Release|Any CPU
		{627715F9-00AB-4633-9071-0373C99A6DFD}.Release|Any CPU.Build.0 = Release|Any CPU
	EndGlobalSection
	GlobalSection(SolutionProperties) = preSolution
		HideSolutionNode = FALSE
	EndGlobalSection
	GlobalSection(ExtensibilityGlobals) = postSolution
		SolutionGuid = {CD24CE63-14DC-45A4-8A02-6ED2ECF2C090}
	EndGlobalSection
EndGlobal
